<?xml version="1.0" encoding="utf-8"?>
<Project ToolsVersion="4.0" xmlns="http://schemas.microsoft.com/developer/msbuild/2003">
  <ItemGroup>
    <Filter Include="源文件">
      <UniqueIdentifier>{4FC737F1-C7A5-4376-A066-2A32D752A2FF}</UniqueIdentifier>
      <Extensions>cpp;c;cc;cxx;def;odl;idl;hpj;bat;asm;asmx</Extensions>
    </Filter>
    <Filter Include="头文件">
      <UniqueIdentifier>{93995380-89BD-4b04-88EB-625FBE52EBFB}</UniqueIdentifier>
      <Extensions>h;hh;hpp;hxx;hm;inl;inc;xsd</Extensions>
    </Filter>
    <Filter Include="资源文件">
      <UniqueIdentifier>{67DA6AB6-F800-4c08-8B7A-83BB121AAD01}</UniqueIdentifier>
      <Extensions>rc;ico;cur;bmp;dlg;rc2;rct;bin;rgs;gif;jpg;jpeg;jpe;resx;tiff;tif;png;wav;mfcribbon-ms</Extensions>
    </Filter>
    <Filter Include="源文件\external">
      <UniqueIdentifier>{76084608-1888-4f56-ab65-162dbe8506e3}</UniqueIdentifier>
    </Filter>
    <Filter Include="源文件\exercises">
      <UniqueIdentifier>{b54da3f7-20cf-4329-8b9e-a5c5698873c3}</UniqueIdentifier>
    </Filter>
    <Filter Include="源文件\tools">
      <UniqueIdentifier>{a9709d4f-3c29-42b9-b5d4-a3eba3dbedd5}</UniqueIdentifier>
    </Filter>
    <Filter Include="源文件\tutorials">
      <UniqueIdentifier>{a1c19949-839d-411a-8209-7bbd38580bbf}</UniqueIdentifier>
    </Filter>
    <Filter Include="源文件\render">
      <UniqueIdentifier>{69d8b95c-1e55-4630-b1bf-4b83b1f196f5}</UniqueIdentifier>
    </Filter>
  </ItemGroup>
  <ItemGroup>
    <ClCompile Include="main.cpp">
      <Filter>源文件</Filter>
    </ClCompile>
    <ClCompile Include="external\glad.c">
      <Filter>源文件\external</Filter>
    </ClCompile>
    <ClCompile Include="tools\GLShaderProgram.cpp">
      <Filter>源文件\tools</Filter>
    </ClCompile>
    <ClCompile Include="tools\ImageLoader.cpp">
      <Filter>源文件\tools</Filter>
    </ClCompile>
    <ClCompile Include="tools\Camera.cpp">
      <Filter>源文件\tools</Filter>
    </ClCompile>
    <ClCompile Include="render\Mesh.cpp">
      <Filter>源文件\render</Filter>
    </ClCompile>
    <ClCompile Include="render\Model.cpp">
      <Filter>源文件\render</Filter>
    </ClCompile>
  </ItemGroup>
  <ItemGroup>
    <ClInclude Include="common.h">
      <Filter>源文件</Filter>
    </ClInclude>
    <ClInclude Include="exercises\1_hello_triangle_exercise1.h">
      <Filter>源文件\exercises</Filter>
    </ClInclude>
    <ClInclude Include="exercises\2_hello_triangle_exercise2.h">
      <Filter>源文件\exercises</Filter>
    </ClInclude>
    <ClInclude Include="exercises\exercises.h">
      <Filter>源文件\exercises</Filter>
    </ClInclude>
    <ClInclude Include="tools\GLShaderProgram.h">
      <Filter>源文件\tools</Filter>
    </ClInclude>
    <ClInclude Include="tutorials\1_hello_window.h">
      <Filter>源文件\tutorials</Filter>
    </ClInclude>
    <ClInclude Include="tutorials\tutorials.h">
      <Filter>源文件\tutorials</Filter>
    </ClInclude>
    <ClInclude Include="tutorials\3_hello_rectangle.h">
      <Filter>源文件\tutorials</Filter>
    </ClInclude>
    <ClInclude Include="tutorials\2_hello_triangle.h">
      <Filter>源文件\tutorials</Filter>
    </ClInclude>
    <ClInclude Include="tutorials\4_shader_uniform.h">
      <Filter>源文件\tutorials</Filter>
    </ClInclude>
    <ClInclude Include="tutorials\5_shader_interpolation.h">
      <Filter>源文件\tutorials</Filter>
    </ClInclude>
    <ClInclude Include="exercises\3_shader_exercise1.h">
      <Filter>源文件\exercises</Filter>
    </ClInclude>
    <ClInclude Include="exercises\4_shader_exercise2.h">
      <Filter>源文件\exercises</Filter>
    </ClInclude>
    <ClInclude Include="exercises\5_shader_exercise3.h">
      <Filter>源文件\exercises</Filter>
    </ClInclude>
    <ClInclude Include="external\stb_image.h">
      <Filter>源文件\external</Filter>
    </ClInclude>
    <ClInclude Include="tools\ImageLoader.h">
      <Filter>源文件\tools</Filter>
    </ClInclude>
    <ClInclude Include="tutorials\6_texture.h">
      <Filter>源文件\tutorials</Filter>
    </ClInclude>
    <ClInclude Include="tutorials\7_texture_combined.h">
      <Filter>源文件\tutorials</Filter>
    </ClInclude>
    <ClInclude Include="exercises\6_texture_exercise1.h">
      <Filter>源文件\exercises</Filter>
    </ClInclude>
    <ClInclude Include="exercises\8_texture_exercise3.h">
      <Filter>源文件\exercises</Filter>
    </ClInclude>
    <ClInclude Include="exercises\7_texture_exercise2.h">
      <Filter>源文件\exercises</Filter>
    </ClInclude>
    <ClInclude Include="exercises\9_texture_exercise4.h">
      <Filter>源文件\exercises</Filter>
    </ClInclude>
    <ClInclude Include="tutorials\8_transformations.h">
      <Filter>源文件\tutorials</Filter>
    </ClInclude>
    <ClInclude Include="exercises\10_transform_exercise1.h">
      <Filter>源文件\exercises</Filter>
    </ClInclude>
    <ClInclude Include="exercises\11_transform_exercise2.h">
      <Filter>源文件\exercises</Filter>
    </ClInclude>
    <ClInclude Include="tutorials\9_coordinate_system.h">
      <Filter>源文件\tutorials</Filter>
    </ClInclude>
    <ClInclude Include="tutorials\10_coordinate_system_depth.h">
      <Filter>源文件\tutorials</Filter>
    </ClInclude>
    <ClInclude Include="tutorials\11_coordinate_system_multiple.h">
      <Filter>源文件\tutorials</Filter>
    </ClInclude>
    <ClInclude Include="exercises\12_coordinate_system_exercise1.h">
      <Filter>源文件\exercises</Filter>
    </ClInclude>
    <ClInclude Include="tutorials\12_camera_circle.h">
      <Filter>源文件\tutorials</Filter>
    </ClInclude>
    <ClInclude Include="tutorials\13_camera_keyboard_dt.h">
      <Filter>源文件\tutorials</Filter>
    </ClInclude>
    <ClInclude Include="tutorials\14_camera_mouse_zoom.h">
      <Filter>源文件\tutorials</Filter>
    </ClInclude>
    <ClInclude Include="tools\Camera.h">
      <Filter>源文件\tools</Filter>
    </ClInclude>
    <ClInclude Include="exercises\13_camera_exercise1.h">
      <Filter>源文件\exercises</Filter>
    </ClInclude>
    <ClInclude Include="exercises\14_camera_exercise2.h">
      <Filter>源文件\exercises</Filter>
    </ClInclude>
    <ClInclude Include="tutorials\15_colors.h">
      <Filter>源文件\tutorials</Filter>
    </ClInclude>
    <ClInclude Include="tutorials\16_basic_lighting_diffuse.h">
      <Filter>源文件\tutorials</Filter>
    </ClInclude>
    <ClInclude Include="tutorials\17_basic_lighting_specular.h">
      <Filter>源文件\tutorials</Filter>
    </ClInclude>
    <ClInclude Include="exercises\15_basic_lighting_exercise1.h">
      <Filter>源文件\exercises</Filter>
    </ClInclude>
    <ClInclude Include="exercises\16_basic_lighting_exercise2.h">
      <Filter>源文件\exercises</Filter>
    </ClInclude>
    <ClInclude Include="exercises\17_basic_lighting_exercise3.h">
      <Filter>源文件\exercises</Filter>
    </ClInclude>
    <ClInclude Include="tutorials\18_materials.h">
      <Filter>源文件\tutorials</Filter>
    </ClInclude>
    <ClInclude Include="tutorials\19_lighting_maps_diffuse.h">
      <Filter>源文件\tutorials</Filter>
    </ClInclude>
    <ClInclude Include="tutorials\20_lighting_maps_specular.h">
      <Filter>源文件\tutorials</Filter>
    </ClInclude>
    <ClInclude Include="exercises\18_lighting_maps_exercise2.h">
      <Filter>源文件\exercises</Filter>
    </ClInclude>
    <ClInclude Include="exercises\19_lighting_maps_exercise3.h">
      <Filter>源文件\exercises</Filter>
    </ClInclude>
    <ClInclude Include="exercises\20_lighting_maps_exercise4.h">
      <Filter>源文件\exercises</Filter>
    </ClInclude>
    <ClInclude Include="tutorials\21_light_casters_directional.h">
      <Filter>源文件\tutorials</Filter>
    </ClInclude>
    <ClInclude Include="tutorials\22_light_casters_point.h">
      <Filter>源文件\tutorials</Filter>
    </ClInclude>
    <ClInclude Include="tutorials\23_light_casters_spot.h">
      <Filter>源文件\tutorials</Filter>
    </ClInclude>
    <ClInclude Include="tutorials\24_light_casters_spot_soft.h">
      <Filter>源文件\tutorials</Filter>
    </ClInclude>
    <ClInclude Include="tutorials\25_multiple_lights.h">
      <Filter>源文件\tutorials</Filter>
    </ClInclude>
    <ClInclude Include="render\Model.h">
      <Filter>源文件\render</Filter>
    </ClInclude>
    <ClInclude Include="render\Mesh.h">
      <Filter>源文件\render</Filter>
    </ClInclude>
    <ClInclude Include="tutorials\26_model_loading.h">
      <Filter>源文件\tutorials</Filter>
    </ClInclude>
  </ItemGroup>
</Project>